// !$*UTF8*$!
{
	archiveVersion = 1;
	classes = {
	};
	objectVersion = 46;
	objects = {

/* Begin PBXBuildFile section */
		ABECA2321E77871200828FB1 /* AppDelegate.swift in Sources */ = {isa = PBXBuildFile; fileRef = ABECA2311E77871200828FB1 /* AppDelegate.swift */; };
		ABECA2341E77871200828FB1 /* ViewController.swift in Sources */ = {isa = PBXBuildFile; fileRef = ABECA2331E77871200828FB1 /* ViewController.swift */; };
		ABECA2371E77871200828FB1 /* Main.storyboard in Resources */ = {isa = PBXBuildFile; fileRef = ABECA2351E77871200828FB1 /* Main.storyboard */; };
		ABECA2391E77871200828FB1 /* Assets.xcassets in Resources */ = {isa = PBXBuildFile; fileRef = ABECA2381E77871200828FB1 /* Assets.xcassets */; };
		ABECA23C1E77871200828FB1 /* LaunchScreen.storyboard in Resources */ = {isa = PBXBuildFile; fileRef = ABECA23A1E77871200828FB1 /* LaunchScreen.storyboard */; };
		ABECA2471E77871200828FB1 /* Bindle_RewardsTests.swift in Sources */ = {isa = PBXBuildFile; fileRef = ABECA2461E77871200828FB1 /* Bindle_RewardsTests.swift */; };
		ABECA2521E77871200828FB1 /* Bindle_RewardsUITests.swift in Sources */ = {isa = PBXBuildFile; fileRef = ABECA2511E77871200828FB1 /* Bindle_RewardsUITests.swift */; };
/* End PBXBuildFile section */

/* Begin PBXContainerItemProxy section */
		ABECA2431E77871200828FB1 /* PBXContainerItemProxy */ = {
			isa = PBXContainerItemProxy;
			containerPortal = ABECA2261E77871200828FB1 /* Project object */;
			proxyType = 1;
			remoteGlobalIDString = ABECA22D1E77871200828FB1;
			remoteInfo = "Bindle Rewards";
		};
		ABECA24E1E77871200828FB1 /* PBXContainerItemProxy */ = {
			isa = PBXContainerItemProxy;
			containerPortal = ABECA2261E77871200828FB1 /* Project object */;
			proxyType = 1;
			remoteGlobalIDString = ABECA22D1E77871200828FB1;
			remoteInfo = "Bindle Rewards";
		};
/* End PBXContainerItemProxy section */

/* Begin PBXFileReference section */
		ABECA22E1E77871200828FB1 /* Bindle Rewards.app */ = {isa = PBXFileReference; explicitFileType = wrapper.application; includeInIndex = 0; path = "Bindle Rewards.app"; sourceTree = BUILT_PRODUCTS_DIR; };
		ABECA2311E77871200828FB1 /* AppDelegate.swift */ = {isa = PBXFileReference; lastKnownFileType = sourcecode.swift; path = AppDelegate.swift; sourceTree = "<group>"; };
		ABECA2331E77871200828FB1 /* ViewController.swift */ = {isa = PBXFileReference; lastKnownFileType = sourcecode.swift; path = ViewController.swift; sourceTree = "<group>"; };
		ABECA2361E77871200828FB1 /* Base */ = {isa = PBXFileReference; lastKnownFileType = file.storyboard; name = Base; path = Base.lproj/Main.storyboard; sourceTree = "<group>"; };
		ABECA2381E77871200828FB1 /* Assets.xcassets */ = {isa = PBXFileReference; lastKnownFileType = folder.assetcatalog; path = Assets.xcassets; sourceTree = "<group>"; };
		ABECA23B1E77871200828FB1 /* Base */ = {isa = PBXFileReference; lastKnownFileType = file.storyboard; name = Base; path = Base.lproj/LaunchScreen.storyboard; sourceTree = "<group>"; };
		ABECA23D1E77871200828FB1 /* Info.plist */ = {isa = PBXFileReference; lastKnownFileType = text.plist.xml; path = Info.plist; sourceTree = "<group>"; };
		ABECA2421E77871200828FB1 /* Bindle RewardsTests.xctest */ = {isa = PBXFileReference; explicitFileType = wrapper.cfbundle; includeInIndex = 0; path = "Bindle RewardsTests.xctest"; sourceTree = BUILT_PRODUCTS_DIR; };
		ABECA2461E77871200828FB1 /* Bindle_RewardsTests.swift */ = {isa = PBXFileReference; lastKnownFileType = sourcecode.swift; path = Bindle_RewardsTests.swift; sourceTree = "<group>"; };
		ABECA2481E77871200828FB1 /* Info.plist */ = {isa = PBXFileReference; lastKnownFileType = text.plist.xml; path = Info.plist; sourceTree = "<group>"; };
		ABECA24D1E77871200828FB1 /* Bindle RewardsUITests.xctest */ = {isa = PBXFileReference; explicitFileType = wrapper.cfbundle; includeInIndex = 0; path = "Bindle RewardsUITests.xctest"; sourceTree = BUILT_PRODUCTS_DIR; };
		ABECA2511E77871200828FB1 /* Bindle_RewardsUITests.swift */ = {isa = PBXFileReference; lastKnownFileType = sourcecode.swift; path = Bindle_RewardsUITests.swift; sourceTree = "<group>"; };
		ABECA2531E77871200828FB1 /* Info.plist */ = {isa = PBXFileReference; lastKnownFileType = text.plist.xml; path = Info.plist; sourceTree = "<group>"; };
/* End PBXFileReference section */

/* Begin PBXFrameworksBuildPhase section */
		ABECA22B1E77871200828FB1 /* Frameworks */ = {
			isa = PBXFrameworksBuildPhase;
			buildActionMask = 2147483647;
			files = (
			);
			runOnlyForDeploymentPostprocessing = 0;
		};
		ABECA23F1E77871200828FB1 /* Frameworks */ = {
			isa = PBXFrameworksBuildPhase;
			buildActionMask = 2147483647;
			files = (
			);
			runOnlyForDeploymentPostprocessing = 0;
		};
		ABECA24A1E77871200828FB1 /* Frameworks */ = {
			isa = PBXFrameworksBuildPhase;
			buildActionMask = 2147483647;
			files = (
			);
			runOnlyForDeploymentPostprocessing = 0;
		};
/* End PBXFrameworksBuildPhase section */

/* Begin PBXGroup section */
		ABECA2251E77871200828FB1 = {
			isa = PBXGroup;
			children = (
				ABECA2301E77871200828FB1 /* Bindle Rewards */,
				ABECA2451E77871200828FB1 /* Bindle RewardsTests */,
				ABECA2501E77871200828FB1 /* Bindle RewardsUITests */,
				ABECA22F1E77871200828FB1 /* Products */,
			);
			sourceTree = "<group>";
		};
		ABECA22F1E77871200828FB1 /* Products */ = {
			isa = PBXGroup;
			children = (
				ABECA22E1E77871200828FB1 /* Bindle Rewards.app */,
				ABECA2421E77871200828FB1 /* Bindle RewardsTests.xctest */,
				ABECA24D1E77871200828FB1 /* Bindle RewardsUITests.xctest */,
			);
			name = Products;
			sourceTree = "<group>";
		};
		ABECA2301E77871200828FB1 /* Bindle Rewards */ = {
			isa = PBXGroup;
			children = (
				ABECA2311E77871200828FB1 /* AppDelegate.swift */,
				ABECA2331E77871200828FB1 /* ViewController.swift */,
				ABECA2351E77871200828FB1 /* Main.storyboard */,
				ABECA2381E77871200828FB1 /* Assets.xcassets */,
				ABECA23A1E77871200828FB1 /* LaunchScreen.storyboard */,
				ABECA23D1E77871200828FB1 /* Info.plist */,
			);
			path = "Bindle Rewards";
			sourceTree = "<group>";
		};
		ABECA2451E77871200828FB1 /* Bindle RewardsTests */ = {
			isa = PBXGroup;
			children = (
				ABECA2461E77871200828FB1 /* Bindle_RewardsTests.swift */,
				ABECA2481E77871200828FB1 /* Info.plist */,
			);
			path = "Bindle RewardsTests";
			sourceTree = "<group>";
		};
		ABECA2501E77871200828FB1 /* Bindle RewardsUITests */ = {
			isa = PBXGroup;
			children = (
				ABECA2511E77871200828FB1 /* Bindle_RewardsUITests.swift */,
				ABECA2531E77871200828FB1 /* Info.plist */,
			);
			path = "Bindle RewardsUITests";
			sourceTree = "<group>";
		};
/* End PBXGroup section */

/* Begin PBXNativeTarget section */
		ABECA22D1E77871200828FB1 /* Bindle Rewards */ = {
			isa = PBXNativeTarget;
			buildConfigurationList = ABECA2561E77871200828FB1 /* Build configuration list for PBXNativeTarget "Bindle Rewards" */;
			buildPhases = (
				ABECA22A1E77871200828FB1 /* Sources */,
				ABECA22B1E77871200828FB1 /* Frameworks */,
				ABECA22C1E77871200828FB1 /* Resources */,
			);
			buildRules = (
			);
			dependencies = (
			);
			name = "Bindle Rewards";
			productName = "Bindle Rewards";
			productReference = ABECA22E1E77871200828FB1 /* Bindle Rewards.app */;
			productType = "com.apple.product-type.application";
		};
		ABECA2411E77871200828FB1 /* Bindle RewardsTests */ = {
			isa = PBXNativeTarget;
			buildConfigurationList = ABECA2591E77871200828FB1 /* Build configuration list for PBXNativeTarget "Bindle RewardsTests" */;
			buildPhases = (
				ABECA23E1E77871200828FB1 /* Sources */,
				ABECA23F1E77871200828FB1 /* Frameworks */,
				ABECA2401E77871200828FB1 /* Resources */,
			);
			buildRules = (
			);
			dependencies = (
				ABECA2441E77871200828FB1 /* PBXTargetDependency */,
			);
			name = "Bindle RewardsTests";
			productName = "Bindle RewardsTests";
			productReference = ABECA2421E77871200828FB1 /* Bindle RewardsTests.xctest */;
			productType = "com.apple.product-type.bundle.unit-test";
		};
		ABECA24C1E77871200828FB1 /* Bindle RewardsUITests */ = {
			isa = PBXNativeTarget;
			buildConfigurationList = ABECA25C1E77871200828FB1 /* Build configuration list for PBXNativeTarget "Bindle RewardsUITests" */;
			buildPhases = (
				ABECA2491E77871200828FB1 /* Sources */,
				ABECA24A1E77871200828FB1 /* Frameworks */,
				ABECA24B1E77871200828FB1 /* Resources */,
			);
			buildRules = (
			);
			dependencies = (
				ABECA24F1E77871200828FB1 /* PBXTargetDependency */,
			);
			name = "Bindle RewardsUITests";
			productName = "Bindle RewardsUITests";
			productReference = ABECA24D1E77871200828FB1 /* Bindle RewardsUITests.xctest */;
			productType = "com.apple.product-type.bundle.ui-testing";
		};
/* End PBXNativeTarget section */

/* Begin PBXProject section */
		ABECA2261E77871200828FB1 /* Project object */ = {
			isa = PBXProject;
			attributes = {
				LastSwiftUpdateCheck = 0820;
				LastUpgradeCheck = 0820;
				ORGANIZATIONNAME = "Anthony Moceo";
				TargetAttributes = {
					ABECA22D1E77871200828FB1 = {
						CreatedOnToolsVersion = 8.2.1;
						ProvisioningStyle = Automatic;
					};
					ABECA2411E77871200828FB1 = {
						CreatedOnToolsVersion = 8.2.1;
						ProvisioningStyle = Automatic;
						TestTargetID = ABECA22D1E77871200828FB1;
					};
					ABECA24C1E77871200828FB1 = {
						CreatedOnToolsVersion = 8.2.1;
						ProvisioningStyle = Automatic;
						TestTargetID = ABECA22D1E77871200828FB1;
					};
				};
			};
			buildConfigurationList = ABECA2291E77871200828FB1 /* Build configuration list for PBXProject "Bindle Rewards" */;
			compatibilityVersion = "Xcode 3.2";
			developmentRegion = English;
			hasScannedForEncodings = 0;
			knownRegions = (
				en,
				Base,
			);
			mainGroup = ABECA2251E77871200828FB1;
			productRefGroup = ABECA22F1E77871200828FB1 /* Products */;
			projectDirPath = "";
			projectRoot = "";
			targets = (
				ABECA22D1E77871200828FB1 /* Bindle Rewards */,
				ABECA2411E77871200828FB1 /* Bindle RewardsTests */,
				ABECA24C1E77871200828FB1 /* Bindle RewardsUITests */,
			);
		};
/* End PBXProject section */

/* Begin PBXResourcesBuildPhase section */
		ABECA22C1E77871200828FB1 /* Resources */ = {
			isa = PBXResourcesBuildPhase;
			buildActionMask = 2147483647;
			files = (
				ABECA23C1E77871200828FB1 /* LaunchScreen.storyboard in Resources */,
				ABECA2391E77871200828FB1 /* Assets.xcassets in Resources */,
				ABECA2371E77871200828FB1 /* Main.storyboard in Resources */,
			);
			runOnlyForDeploymentPostprocessing = 0;
		};
		ABECA2401E77871200828FB1 /* Resources */ = {
			isa = PBXResourcesBuildPhase;
			buildActionMask = 2147483647;
			files = (
			);
			runOnlyForDeploymentPostprocessing = 0;
		};
		ABECA24B1E77871200828FB1 /* Resources */ = {
			isa = PBXResourcesBuildPhase;
			buildActionMask = 2147483647;
			files = (
			);
			runOnlyForDeploymentPostprocessing = 0;
		};
/* End PBXResourcesBuildPhase section */

/* Begin PBXSourcesBuildPhase section */
		ABECA22A1E77871200828FB1 /* Sources */ = {
			isa = PBXSourcesBuildPhase;
			buildActionMask = 2147483647;
			files = (
				ABECA2341E77871200828FB1 /* ViewController.swift in Sources */,
				ABECA2321E77871200828FB1 /* AppDelegate.swift in Sources */,
			);
			runOnlyForDeploymentPostprocessing = 0;
		};
		ABECA23E1E77871200828FB1 /* Sources */ = {
			isa = PBXSourcesBuildPhase;
			buildActionMask = 2147483647;
			files = (
				ABECA2471E77871200828FB1 /* Bindle_RewardsTests.swift in Sources */,
			);
			runOnlyForDeploymentPostprocessing = 0;
		};
		ABECA2491E77871200828FB1 /* Sources */ = {
			isa = PBXSourcesBuildPhase;
			buildActionMask = 2147483647;
			files = (
				ABECA2521E77871200828FB1 /* Bindle_RewardsUITests.swift in Sources */,
			);
			runOnlyForDeploymentPostprocessing = 0;
		};
/* End PBXSourcesBuildPhase section */

/* Begin PBXTargetDependency section */
		ABECA2441E77871200828FB1 /* PBXTargetDependency */ = {
			isa = PBXTargetDependency;
			target = ABECA22D1E77871200828FB1 /* Bindle Rewards */;
			targetProxy = ABECA2431E77871200828FB1 /* PBXContainerItemProxy */;
		};
		ABECA24F1E77871200828FB1 /* PBXTargetDependency */ = {
			isa = PBXTargetDependency;
			target = ABECA22D1E77871200828FB1 /* Bindle Rewards */;
			targetProxy = ABECA24E1E77871200828FB1 /* PBXContainerItemProxy */;
		};
/* End PBXTargetDependency section */

/* Begin PBXVariantGroup section */
		ABECA2351E77871200828FB1 /* Main.storyboard */ = {
			isa = PBXVariantGroup;
			children = (
				ABECA2361E77871200828FB1 /* Base */,
			);
			name = Main.storyboard;
			sourceTree = "<group>";
		};
		ABECA23A1E77871200828FB1 /* LaunchScreen.storyboard */ = {
			isa = PBXVariantGroup;
			children = (
				ABECA23B1E77871200828FB1 /* Base */,
			);
			name = LaunchScreen.storyboard;
			sourceTree = "<group>";
		};
/* End PBXVariantGroup section */

/* Begin XCBuildConfiguration section */
		ABECA2541E77871200828FB1 /* Debug */ = {
			isa = XCBuildConfiguration;
			buildSettings = {
				ALWAYS_SEARCH_USER_PATHS = NO;
				CLANG_ANALYZER_NONNULL = YES;
				CLANG_CXX_LANGUAGE_STANDARD = "gnu++0x";
				CLANG_CXX_LIBRARY = "libc++";
				CLANG_ENABLE_MODULES = YES;
				CLANG_ENABLE_OBJC_ARC = YES;
				CLANG_WARN_BOOL_CONVERSION = YES;
				CLANG_WARN_CONSTANT_CONVERSION = YES;
				CLANG_WARN_DIRECT_OBJC_ISA_USAGE = YES_ERROR;
				CLANG_WARN_DOCUMENTATION_COMMENTS = YES;
				CLANG_WARN_EMPTY_BODY = YES;
				CLANG_WARN_ENUM_CONVERSION = YES;
				CLANG_WARN_INFINITE_RECURSION = YES;
				CLANG_WARN_INT_CONVERSION = YES;
				CLANG_WARN_OBJC_ROOT_CLASS = YES_ERROR;
				CLANG_WARN_SUSPICIOUS_MOVE = YES;
				CLANG_WARN_UNREACHABLE_CODE = YES;
				CLANG_WARN__DUPLICATE_METHOD_MATCH = YES;
				"CODE_SIGN_IDENTITY[sdk=iphoneos*]" = "iPhone Developer";
				COPY_PHASE_STRIP = NO;
				DEBUG_INFORMATION_FORMAT = dwarf;
				ENABLE_STRICT_OBJC_MSGSEND = YES;
				ENABLE_TESTABILITY = YES;
				GCC_C_LANGUAGE_STANDARD = gnu99;
				GCC_DYNAMIC_NO_PIC = NO;
				GCC_NO_COMMON_BLOCKS = YES;
				GCC_OPTIMIZATION_LEVEL = 0;
				GCC_PREPROCESSOR_DEFINITIONS = (
					"DEBUG=1",
					"$(inherited)",
				);
				GCC_WARN_64_TO_32_BIT_CONVERSION = YES;
				GCC_WARN_ABOUT_RETURN_TYPE = YES_ERROR;
				GCC_WARN_UNDECLARED_SELECTOR = YES;
				GCC_WARN_UNINITIALIZED_AUTOS = YES_AGGRESSIVE;
				GCC_WARN_UNUSED_FUNCTION = YES;
				GCC_WARN_UNUSED_VARIABLE = YES;
				IPHONEOS_DEPLOYMENT_TARGET = 10.2;
				MTL_ENABLE_DEBUG_INFO = YES;
				ONLY_ACTIVE_ARCH = YES;
				SDKROOT = iphoneos;
				SWIFT_ACTIVE_COMPILATION_CONDITIONS = DEBUG;
				SWIFT_OPTIMIZATION_LEVEL = "-Onone";
				TARGETED_DEVICE_FAMILY = "1,2";
			};
			name = Debug;
		};
		ABECA2551E77871200828FB1 /* Release */ = {
			isa = XCBuildConfiguration;
			buildSettings = {
				ALWAYS_SEARCH_USER_PATHS = NO;
				CLANG_ANALYZER_NONNULL = YES;
				CLANG_CXX_LANGUAGE_STANDARD = "gnu++0x";
				CLANG_CXX_LIBRARY = "libc++";
				CLANG_ENABLE_MODULES = YES;
				CLANG_ENABLE_OBJC_ARC = YES;
				CLANG_WARN_BOOL_CONVERSION = YES;
				CLANG_WARN_CONSTANT_CONVERSION = YES;
				CLANG_WARN_DIRECT_OBJC_ISA_USAGE = YES_ERROR;
				CLANG_WARN_DOCUMENTATION_COMMENTS = YES;
				CLANG_WARN_EMPTY_BODY = YES;
				CLANG_WARN_ENUM_CONVERSION = YES;
				CLANG_WARN_INFINITE_RECURSION = YES;
				CLANG_WARN_INT_CONVERSION = YES;
				CLANG_WARN_OBJC_ROOT_CLASS = YES_ERROR;
				CLANG_WARN_SUSPICIOUS_MOVE = YES;
				CLANG_WARN_UNREACHABLE_CODE = YES;
				CLANG_WARN__DUPLICATE_METHOD_MATCH = YES;
				"CODE_SIGN_IDENTITY[sdk=iphoneos*]" = "iPhone Developer";
				COPY_PHASE_STRIP = NO;
				DEBUG_INFORMATION_FORMAT = "dwarf-with-dsym";
				ENABLE_NS_ASSERTIONS = NO;
				ENABLE_STRICT_OBJC_MSGSEND = YES;
				GCC_C_LANGUAGE_STANDARD = gnu99;
				GCC_NO_COMMON_BLOCKS = YES;
				GCC_WARN_64_TO_32_BIT_CONVERSION = YES;
				GCC_WARN_ABOUT_RETURN_TYPE = YES_ERROR;
				GCC_WARN_UNDECLARED_SELECTOR = YES;
				GCC_WARN_UNINITIALIZED_AUTOS = YES_AGGRESSIVE;
				GCC_WARN_UNUSED_FUNCTION = YES;
				GCC_WARN_UNUSED_VARIABLE = YES;
				IPHONEOS_DEPLOYMENT_TARGET = 10.2;
				MTL_ENABLE_DEBUG_INFO = NO;
				SDKROOT = iphoneos;
				SWIFT_OPTIMIZATION_LEVEL = "-Owholemodule";
				TARGETED_DEVICE_FAMILY = "1,2";
				VALIDATE_PRODUCT = YES;
			};
			name = Release;
		};
		ABECA2571E77871200828FB1 /* Debug */ = {
			isa = XCBuildConfiguration;
			buildSettings = {
				ASSETCATALOG_COMPILER_APPICON_NAME = AppIcon;
				INFOPLIST_FILE = "Bindle Rewards/Info.plist";
				LD_RUNPATH_SEARCH_PATHS = "$(inherited) @executable_path/Frameworks";
				PRODUCT_BUNDLE_IDENTIFIER = "Rewards.Bindle-Rewards";
				PRODUCT_NAME = "$(TARGET_NAME)";
				SWIFT_VERSION = 3.0;
			};
			name = Debug;
		};
		ABECA2581E77871200828FB1 /* Release */ = {
			isa = XCBuildConfiguration;
			buildSettings = {
				ASSETCATALOG_COMPILER_APPICON_NAME = AppIcon;
				INFOPLIST_FILE = "Bindle Rewards/Info.plist";
				LD_RUNPATH_SEARCH_PATHS = "$(inherited) @executable_path/Frameworks";
				PRODUCT_BUNDLE_IDENTIFIER = "Rewards.Bindle-Rewards";
				PRODUCT_NAME = "$(TARGET_NAME)";
				SWIFT_VERSION = 3.0;
			};
			name = Release;
		};
		ABECA25A1E77871200828FB1 /* Debug */ = {
			isa = XCBuildConfiguration;
			buildSettings = {
				ALWAYS_EMBED_SWIFT_STANDARD_LIBRARIES = YES;
				BUNDLE_LOADER = "$(TEST_HOST)";
				INFOPLIST_FILE = "Bindle RewardsTests/Info.plist";
				LD_RUNPATH_SEARCH_PATHS = "$(inherited) @executable_path/Frameworks @loader_path/Frameworks";
				PRODUCT_BUNDLE_IDENTIFIER = "Rewards.Bindle-RewardsTests";
				PRODUCT_NAME = "$(TARGET_NAME)";
				SWIFT_VERSION = 3.0;
				TEST_HOST = "$(BUILT_PRODUCTS_DIR)/Bindle Rewards.app/Bindle Rewards";
			};
			name = Debug;
		};
		ABECA25B1E77871200828FB1 /* Release */ = {
			isa = XCBuildConfiguration;
			buildSettings = {
				ALWAYS_EMBED_SWIFT_STANDARD_LIBRARIES = YES;
				BUNDLE_LOADER = "$(TEST_HOST)";
				INFOPLIST_FILE = "Bindle RewardsTests/Info.plist";
				LD_RUNPATH_SEARCH_PATHS = "$(inherited) @executable_path/Frameworks @loader_path/Frameworks";
				PRODUCT_BUNDLE_IDENTIFIER = "Rewards.Bindle-RewardsTests";
				PRODUCT_NAME = "$(TARGET_NAME)";
				SWIFT_VERSION = 3.0;
				TEST_HOST = "$(BUILT_PRODUCTS_DIR)/Bindle Rewards.app/Bindle Rewards";
			};
			name = Release;
		};
		ABECA25D1E77871200828FB1 /* Debug */ = {
			isa = XCBuildConfiguration;
			buildSettings = {
				ALWAYS_EMBED_SWIFT_STANDARD_LIBRARIES = YES;
				INFOPLIST_FILE = "Bindle RewardsUITests/Info.plist";
				LD_RUNPATH_SEARCH_PATHS = "$(inherited) @executable_path/Frameworks @loader_path/Frameworks";
				PRODUCT_BUNDLE_IDENTIFIER = "Rewards.Bindle-RewardsUITests";
				PRODUCT_NAME = "$(TARGET_NAME)";
				SWIFT_VERSION = 3.0;
				TEST_TARGET_NAME = "Bindle Rewards";
			};
			name = Debug;
		};
		ABECA25E1E77871200828FB1 /* Release */ = {
			isa = XCBuildConfiguration;
			buildSettings = {
				ALWAYS_EMBED_SWIFT_STANDARD_LIBRARIES = YES;
				INFOPLIST_FILE = "Bindle RewardsUITests/Info.plist";
				LD_RUNPATH_SEARCH_PATHS = "$(inherited) @executable_path/Frameworks @loader_path/Frameworks";
				PRODUCT_BUNDLE_IDENTIFIER = "Rewards.Bindle-RewardsUITests";
				PRODUCT_NAME = "$(TARGET_NAME)";
				SWIFT_VERSION = 3.0;
				TEST_TARGET_NAME = "Bindle Rewards";
			};
			name = Release;
		};
/* End XCBuildConfiguration section */

/* Begin XCConfigurationList section */
		ABECA2291E77871200828FB1 /* Build configuration list for PBXProject "Bindle Rewards" */ = {
			isa = XCConfigurationList;
			buildConfigurations = (
				ABECA2541E77871200828FB1 /* Debug */,
				ABECA2551E77871200828FB1 /* Release */,
			);
			defaultConfigurationIsVisible = 0;
			defaultConfigurationName = Release;
		};
		ABECA2561E77871200828FB1 /* Build configuration list for PBXNativeTarget "Bindle Rewards" */ = {
			isa = XCConfigurationList;
			buildConfigurations = (
				ABECA2571E77871200828FB1 /* Debug */,
				ABECA2581E77871200828FB1 /* Release */,
			);
			defaultConfigurationIsVisible = 0;
		};
		ABECA2591E77871200828FB1 /* Build configuration list for PBXNativeTarget "Bindle RewardsTests" */ = {
			isa = XCConfigurationList;
			buildConfigurations = (
				ABECA25A1E77871200828FB1 /* Debug */,
				ABECA25B1E77871200828FB1 /* Release */,
			);
			defaultConfigurationIsVisible = 0;
		};
		ABECA25C1E77871200828FB1 /* Build configuration list for PBXNativeTarget "Bindle RewardsUITests" */ = {
			isa = XCConfigurationList;
			buildConfigurations = (
				ABECA25D1E77871200828FB1 /* Debug */,
				ABECA25E1E77871200828FB1 /* Release */,
			);
			defaultConfigurationIsVisible = 0;
		};
/* End XCConfigurationList section */
	};
	rootObject = ABECA2261E77871200828FB1 /* Project object */;
}
